lockfileVersion: '6.0'

settings:
  autoInstallPeers: true
  excludeLinksFromLockfile: false

dependencies:
  dayjs:
    specifier: ^1.11.10
    version: 1.11.10
  liquidjs:
    specifier: ^10.10.0
    version: 10.10.0

packages:

  /commander@10.0.1:
    resolution: {integrity: sha512-y4Mg2tXshplEbSGzx7amzPwKKOCGuoSRP/CjEdwwk0FOGlUbq6lKuoyDZTNZkmxHdJtp54hdfY/JUrdL7Xfdug==}
    engines: {node: '>=14'}
    dev: false

  /dayjs@1.11.10:
    resolution: {integrity: sha512-vjAczensTgRcqDERK0SR2XMwsF/tSvnvlv6VcF2GIhg6Sx4yOIt/irsr1RDJsKiIyBzJDpCoXiWWq28MqH2cnQ==}
    dev: false

  /liquidjs@10.10.0:
    resolution: {integrity: sha512-f4gPvCq4uV4Fm5YezVUQoAMPmBMEuIE2LvgCnzyWoPRx+ZefH6b8DU2eb7znltRqATHF8zYvOsd5FD2z1spJgg==}
    engines: {node: '>=14'}
    hasBin: true
    dependencies:
      commander: 10.0.1
    dev: false
